{
  "nodes": {
    "nixpkgs": {
      "locked": {
        "lastModified": 1789344334,
        "narHash": "sha256-it+7kNGnOOHBCEnl4SfZ7QtfGziH3EryzHqwvJpjAfg=",
        "rev": "c3eea5b2156db11c7eeeada3dc737711255b253e",
        "type": "tarball",
        "url": "https://releases.nixos.org/nixos/26.05/nixos-26.05.9729.c3eea5b2156d/nixexprs.tar.xz"
      },
      "original": {
        "type": "tarball",
        "url": "https://channels.nixos.org/nixos-26.05/nixexprs.tar.xz"
      }
    },
    "root": {
      "inputs": {
        "nixpkgs": "nixpkgs",
        "bend2": "bend2"
      }
    },
    "bend2": {
      "flake": false,
      "locked": {
        "lastModified": 1789677457,
        "narHash": "sha256-E+4jA5jKzbyEqHblShBbIeqyV7BQEvgBzVdM3/vVEPc=",
        "owner": "bendlang",
        "repo": "bend",
        "rev": "8008146ab90abb98b496fa2a6ffe555da7fb0dd5",
        "type": "github"
      },
      "original": {
        "owner": "bendlang",
        "repo": "bend",
        "type": "github"
      }
    }
  },
  "root": "root",
  "version": 7
}
